
Microsoft Visual Studio Solution File, Format Version 12.00
# Visual Studio 15
VisualStudioVersion = 15.0.26430.16
MinimumVisualStudioVersion = 10.0.40219.1
Project("{9A19103F-16F7-4668-BE54-9A1E7A4F7556}") = "CatalogAPI", "CatalogAPI\CatalogAPI.csproj", "{6505FE9C-7EA4-4AAF-8E58-6BD8CBD2B9A0}"
EndProject
Project("{9A19103F-16F7-4668-BE54-9A1E7A4F7556}") = "CartAPI", "CartAPI\CartAPI.csproj", "{16A1F6C5-8ED3-41D6-9A88-C9406C9F64C1}"
EndProject
Project("{9A19103F-16F7-4668-BE54-9A1E7A4F7556}") = "SSOAPI", "SSOAPI\SSOAPI.csproj", "{990C1F72-49AB-4FD6-B71D-2679B628233D}"
EndProject
Project("{9A19103F-16F7-4668-BE54-9A1E7A4F7556}") = "OrderAPI", "OrderAPI\OrderAPI.csproj", "{6DD7928F-0CF6-456B-BED5-C07211507F98}"
EndProject
Project("{9A19103F-16F7-4668-BE54-9A1E7A4F7556}") = "QuoteAPI", "QuoteAPI\QuoteAPI.csproj", "{90411AAB-F280-4D8A-8157-7557A3EEB05C}"
EndProject
Project("{9A19103F-16F7-4668-BE54-9A1E7A4F7556}") = "PaymentAPI", "PaymentAPI\PaymentAPI.csproj", "{869F1C95-9E55-4E63-B22A-4C2DD1672F23}"
EndProject
Project("{9A19103F-16F7-4668-BE54-9A1E7A4F7556}") = "ShippingAPI", "ShippingAPI\ShippingAPI.csproj", "{82B1F94C-D186-445C-B63B-D4CEE10CCEB7}"
EndProject
Project("{9A19103F-16F7-4668-BE54-9A1E7A4F7556}") = "PriceListAPI", "PriceListAPI\PriceListAPI.csproj", "{CB82C7E7-B69C-4499-BFDF-8C5B85CC3BB0}"
EndProject
Project("{9A19103F-16F7-4668-BE54-9A1E7A4F7556}") = "TenantAPI", "TenantAPI\TenantAPI.csproj", "{C508ADD7-17C8-4B43-88AD-2B63A03677BA}"
EndProject
Project("{FAE04EC0-301F-11D3-BF4B-00C04F79EFBC}") = "B2B.Data", "B2B.Data\B2B.Data.csproj", "{04D3C769-8920-4545-981D-76FFADD34A0D}"
EndProject
Global
	GlobalSection(SolutionConfigurationPlatforms) = preSolution
		Debug|Any CPU = Debug|Any CPU
		Release|Any CPU = Release|Any CPU
	EndGlobalSection
	GlobalSection(ProjectConfigurationPlatforms) = postSolution
		{6505FE9C-7EA4-4AAF-8E58-6BD8CBD2B9A0}.Debug|Any CPU.ActiveCfg = Debug|Any CPU
		{6505FE9C-7EA4-4AAF-8E58-6BD8CBD2B9A0}.Debug|Any CPU.Build.0 = Debug|Any CPU
		{6505FE9C-7EA4-4AAF-8E58-6BD8CBD2B9A0}.Release|Any CPU.ActiveCfg = Release|Any CPU
		{6505FE9C-7EA4-4AAF-8E58-6BD8CBD2B9A0}.Release|Any CPU.Build.0 = Release|Any CPU
		{16A1F6C5-8ED3-41D6-9A88-C9406C9F64C1}.Debug|Any CPU.ActiveCfg = Debug|Any CPU
		{16A1F6C5-8ED3-41D6-9A88-C9406C9F64C1}.Debug|Any CPU.Build.0 = Debug|Any CPU
		{16A1F6C5-8ED3-41D6-9A88-C9406C9F64C1}.Release|Any CPU.ActiveCfg = Release|Any CPU
		{16A1F6C5-8ED3-41D6-9A88-C9406C9F64C1}.Release|Any CPU.Build.0 = Release|Any CPU
		{990C1F72-49AB-4FD6-B71D-2679B628233D}.Debug|Any CPU.ActiveCfg = Debug|Any CPU
		{990C1F72-49AB-4FD6-B71D-2679B628233D}.Debug|Any CPU.Build.0 = Debug|Any CPU
		{990C1F72-49AB-4FD6-B71D-2679B628233D}.Release|Any CPU.ActiveCfg = Release|Any CPU
		{990C1F72-49AB-4FD6-B71D-2679B628233D}.Release|Any CPU.Build.0 = Release|Any CPU
		{6DD7928F-0CF6-456B-BED5-C07211507F98}.Debug|Any CPU.ActiveCfg = Debug|Any CPU
		{6DD7928F-0CF6-456B-BED5-C07211507F98}.Debug|Any CPU.Build.0 = Debug|Any CPU
		{6DD7928F-0CF6-456B-BED5-C07211507F98}.Release|Any CPU.ActiveCfg = Release|Any CPU
		{6DD7928F-0CF6-456B-BED5-C07211507F98}.Release|Any CPU.Build.0 = Release|Any CPU
		{90411AAB-F280-4D8A-8157-7557A3EEB05C}.Debug|Any CPU.ActiveCfg = Debug|Any CPU
		{90411AAB-F280-4D8A-8157-7557A3EEB05C}.Debug|Any CPU.Build.0 = Debug|Any CPU
		{90411AAB-F280-4D8A-8157-7557A3EEB05C}.Release|Any CPU.ActiveCfg = Release|Any CPU
		{90411AAB-F280-4D8A-8157-7557A3EEB05C}.Release|Any CPU.Build.0 = Release|Any CPU
		{869F1C95-9E55-4E63-B22A-4C2DD1672F23}.Debug|Any CPU.ActiveCfg = Debug|Any CPU
		{869F1C95-9E55-4E63-B22A-4C2DD1672F23}.Debug|Any CPU.Build.0 = Debug|Any CPU
		{869F1C95-9E55-4E63-B22A-4C2DD1672F23}.Release|Any CPU.ActiveCfg = Release|Any CPU
		{869F1C95-9E55-4E63-B22A-4C2DD1672F23}.Release|Any CPU.Build.0 = Release|Any CPU
		{82B1F94C-D186-445C-B63B-D4CEE10CCEB7}.Debug|Any CPU.ActiveCfg = Debug|Any CPU
		{82B1F94C-D186-445C-B63B-D4CEE10CCEB7}.Debug|Any CPU.Build.0 = Debug|Any CPU
		{82B1F94C-D186-445C-B63B-D4CEE10CCEB7}.Release|Any CPU.ActiveCfg = Release|Any CPU
		{82B1F94C-D186-445C-B63B-D4CEE10CCEB7}.Release|Any CPU.Build.0 = Release|Any CPU
		{CB82C7E7-B69C-4499-BFDF-8C5B85CC3BB0}.Debug|Any CPU.ActiveCfg = Debug|Any CPU
		{CB82C7E7-B69C-4499-BFDF-8C5B85CC3BB0}.Debug|Any CPU.Build.0 = Debug|Any CPU
		{CB82C7E7-B69C-4499-BFDF-8C5B85CC3BB0}.Release|Any CPU.ActiveCfg = Release|Any CPU
		{CB82C7E7-B69C-4499-BFDF-8C5B85CC3BB0}.Release|Any CPU.Build.0 = Release|Any CPU
		{C508ADD7-17C8-4B43-88AD-2B63A03677BA}.Debug|Any CPU.ActiveCfg = Debug|Any CPU
		{C508ADD7-17C8-4B43-88AD-2B63A03677BA}.Debug|Any CPU.Build.0 = Debug|Any CPU
		{C508ADD7-17C8-4B43-88AD-2B63A03677BA}.Release|Any CPU.ActiveCfg = Release|Any CPU
		{C508ADD7-17C8-4B43-88AD-2B63A03677BA}.Release|Any CPU.Build.0 = Release|Any CPU
		{04D3C769-8920-4545-981D-76FFADD34A0D}.Debug|Any CPU.ActiveCfg = Debug|Any CPU
		{04D3C769-8920-4545-981D-76FFADD34A0D}.Debug|Any CPU.Build.0 = Debug|Any CPU
		{04D3C769-8920-4545-981D-76FFADD34A0D}.Release|Any CPU.ActiveCfg = Release|Any CPU
		{04D3C769-8920-4545-981D-76FFADD34A0D}.Release|Any CPU.Build.0 = Release|Any CPU
	EndGlobalSection
	GlobalSection(SolutionProperties) = preSolution
		HideSolutionNode = FALSE
	EndGlobalSection
EndGlobal
